
Microsoft Visual Studio Solution File, Format Version 12.00
# Visual Studio Version 17
VisualStudioVersion = 17.8.34525.116
MinimumVisualStudioVersion = 10.0.40219.1
Project("{FAE04EC0-301F-11D3-BF4B-00C04F79EFBC}") = "PlanningHub1", "PlanningHub1\PlanningHub1.csproj", "{BBBF9F75-4B39-4826-94EF-CCE338540412}"
EndProject
Global
	GlobalSection(SolutionConfigurationPlatforms) = preSolution
		Debug|Any CPU = Debug|Any CPU
		Release|Any CPU = Release|Any CPU
	EndGlobalSection
	GlobalSection(ProjectConfigurationPlatforms) = postSolution
		{BBBF9F75-4B39-4826-94EF-CCE338540412}.Debug|Any CPU.ActiveCfg = Debug|Any CPU
		{BBBF9F75-4B39-4826-94EF-CCE338540412}.Debug|Any CPU.Build.0 = Debug|Any CPU
		{BBBF9F75-4B39-4826-94EF-CCE338540412}.Release|Any CPU.ActiveCfg = Release|Any CPU
		{BBBF9F75-4B39-4826-94EF-CCE338540412}.Release|Any CPU.Build.0 = Release|Any CPU
	EndGlobalSection
	GlobalSection(SolutionProperties) = preSolution
		HideSolutionNode = FALSE
	EndGlobalSection
	GlobalSection(ExtensibilityGlobals) = postSolution
		SolutionGuid = {5F72B529-C35D-4339-B746-04A1ADFA3B7E}
	EndGlobalSection
EndGlobal
